
Microsoft Visual Studio Solution File, Format Version 12.00
Project("{FAE04EC0-301F-11D3-BF4B-00C04F79EFBC}") = "DS2 Projekt", "DS2 Projekt\DS2 Projekt.csproj", "{89712B4F-C166-48A8-A310-33C2EF9C23C3}"
EndProject
Global
	GlobalSection(SolutionConfigurationPlatforms) = preSolution
		Debug|Any CPU = Debug|Any CPU
		Release|Any CPU = Release|Any CPU
	EndGlobalSection
	GlobalSection(ProjectConfigurationPlatforms) = postSolution
		{89712B4F-C166-48A8-A310-33C2EF9C23C3}.Debug|Any CPU.ActiveCfg = Debug|Any CPU
		{89712B4F-C166-48A8-A310-33C2EF9C23C3}.Debug|Any CPU.Build.0 = Debug|Any CPU
		{89712B4F-C166-48A8-A310-33C2EF9C23C3}.Release|Any CPU.ActiveCfg = Release|Any CPU
		{89712B4F-C166-48A8-A310-33C2EF9C23C3}.Release|Any CPU.Build.0 = Release|Any CPU
	EndGlobalSection
EndGlobal
